{"cliVersion":"0.20.0","productModuleName":"What3WordsTest","sourceFilePaths":[{"path":"\/Users\/hien.tran\/Desktop\/What3WordsTest\/What3WordsTest\/AppDelegate.swift","hash":"44e0cd3e3a5377d18b9aa8b3186e78f74df0f1f2"},{"path":"\/Users\/hien.tran\/Desktop\/What3WordsTest\/What3WordsTest\/Core\/DI\/App+Inject.swift","hash":"b1d38ee92c53ed6e786939cd04bb80110db4b92e"},{"path":"\/Users\/hien.tran\/Desktop\/What3WordsTest\/What3WordsTest\/Core\/Extensions\/DateFormatter+Ext.swift","hash":"01cb90652670abf34e828b479bcff8ad18ac325f"},{"path":"\/Users\/hien.tran\/Desktop\/What3WordsTest\/What3WordsTest\/Core\/Extensions\/Publisher+Ext.swift","hash":"e7e5e88729bd8db04b34f134478c99431d8abe07"},{"path":"\/Users\/hien.tran\/Desktop\/What3WordsTest\/What3WordsTest\/Core\/Extensions\/String+Ext.swift","hash":"09ff18a8d5749ccf4bcbf8ce7c4fcd1b9892b19d"},{"path":"\/Users\/hien.tran\/Desktop\/What3WordsTest\/What3WordsTest\/Core\/Extensions\/UIEdgeInsets+Ext.swift","hash":"e0dcdb40076d0f4ed9dc79e2d10c0e831a391408"},{"path":"\/Users\/hien.tran\/Desktop\/What3WordsTest\/What3WordsTest\/Core\/Extensions\/UITableView+Reusable.swift","hash":"36b6bf833c49e9bfd8078b293ed10e5fbeec8c34"},{"path":"\/Users\/hien.tran\/Desktop\/What3WordsTest\/What3WordsTest\/Core\/Networking\/API\/BaseTargetType.swift","hash":"b244b4aadeeb4177d4f2d15b918ae6092e49f0ed"},{"path":"\/Users\/hien.tran\/Desktop\/What3WordsTest\/What3WordsTest\/Core\/Networking\/API\/ImageLoaderAPI.swift","hash":"67c0ef400d78afeb48eb95c53e86344402bfd4b7"},{"path":"\/Users\/hien.tran\/Desktop\/What3WordsTest\/What3WordsTest\/Core\/Networking\/API\/MoviesAPI.swift","hash":"725dedefd5f02054dd1f2b46c8a98be09e66ac87"},{"path":"\/Users\/hien.tran\/Desktop\/What3WordsTest\/What3WordsTest\/Core\/Networking\/API\/SearchAPI.swift","hash":"1c51300b98b2c6f31d6bf4c2c3448089308a6cf7"},{"path":"\/Users\/hien.tran\/Desktop\/What3WordsTest\/What3WordsTest\/Core\/Networking\/API\/TrendingAPI.swift","hash":"8c1614dd41c8fc29fda91a5414515d6842469e33"},{"path":"\/Users\/hien.tran\/Desktop\/What3WordsTest\/What3WordsTest\/Core\/Networking\/Extentions\/AnyPublisher+Response+Ext.swift","hash":"6322b1c2d0f67d576ccf71f7d695da98f50e15ce"},{"path":"\/Users\/hien.tran\/Desktop\/What3WordsTest\/What3WordsTest\/Core\/Networking\/Models+DTOs\/Genre.swift","hash":"019842a6b7f5876561ee2ecf6a2a59cdbc2cd792"},{"path":"\/Users\/hien.tran\/Desktop\/What3WordsTest\/What3WordsTest\/Core\/Networking\/Models+DTOs\/Movie.swift","hash":"711e4f2a5c6260a84a1a5e09a8769686491d6763"},{"path":"\/Users\/hien.tran\/Desktop\/What3WordsTest\/What3WordsTest\/Core\/Networking\/Models+DTOs\/MovieDetails.swift","hash":"baba9bbf238ad8ebc89550159d8b25e5d26cfeb2"},{"path":"\/Users\/hien.tran\/Desktop\/What3WordsTest\/What3WordsTest\/Core\/Networking\/Models+DTOs\/PaginationResponse.swift","hash":"ba933ebae1540b987b76895ab1b45c4535ae15e8"},{"path":"\/Users\/hien.tran\/Desktop\/What3WordsTest\/What3WordsTest\/Core\/Networking\/MoyaClient.swift","hash":"c3c478b88637f101838a568275be129443d4ffae"},{"path":"\/Users\/hien.tran\/Desktop\/What3WordsTest\/What3WordsTest\/Core\/Networking\/NetworkError.swift","hash":"2bb2a4828e3ecf9fe7dcfa163cc66550815c95f5"},{"path":"\/Users\/hien.tran\/Desktop\/What3WordsTest\/What3WordsTest\/Core\/Networking\/Plugins\/CachePolicyPlugin.swift","hash":"c4d3ae1af85fb1459ce0e694bb0b9207b4bd8303"},{"path":"\/Users\/hien.tran\/Desktop\/What3WordsTest\/What3WordsTest\/Core\/Networking\/Plugins\/CommonHeadersPlugin.swift","hash":"66a9e33c5d5db9eb6991fe4d916b6a18902cece0"},{"path":"\/Users\/hien.tran\/Desktop\/What3WordsTest\/What3WordsTest\/Data\/Repositories\/ImageCacheRepositories\/ImageCacheService.swift","hash":"abdae5303547faefe878ce804fb16c0a6070b86d"},{"path":"\/Users\/hien.tran\/Desktop\/What3WordsTest\/What3WordsTest\/Data\/Repositories\/ImageLoaderRepositories\/ImageLoaderService.swift","hash":"b32684bbbf30e00148af913f4e1cce253d174334"},{"path":"\/Users\/hien.tran\/Desktop\/What3WordsTest\/What3WordsTest\/Data\/Repositories\/MoviesRepositories\/MoviesAPIService.swift","hash":"99a4cba13915c1213d4194bdfa114b43df8bb86c"},{"path":"\/Users\/hien.tran\/Desktop\/What3WordsTest\/What3WordsTest\/Data\/Repositories\/SearchRepositories\/SearchAPIService.swift","hash":"3ca94e80ae665e8af5566890b8b7dc2171776887"},{"path":"\/Users\/hien.tran\/Desktop\/What3WordsTest\/What3WordsTest\/Data\/Repositories\/TrendingRepositories\/TrendingAPIMockService.swift","hash":"5578b3f61730d10f1d0f6baa30ed3f48c3440ca9"},{"path":"\/Users\/hien.tran\/Desktop\/What3WordsTest\/What3WordsTest\/Data\/Repositories\/TrendingRepositories\/TrendingAPIService.swift","hash":"8ba901c4e1d1990293af4f8c651de492b0c983e0"},{"path":"\/Users\/hien.tran\/Desktop\/What3WordsTest\/What3WordsTest\/Domains\/Entities\/MovieDetailsEntity.swift","hash":"339a40c6bba2b6a5b077c35e9383f34940c4e648"},{"path":"\/Users\/hien.tran\/Desktop\/What3WordsTest\/What3WordsTest\/Domains\/Entities\/MovieEntity.swift","hash":"5dd3dbe132ee7b1da6b995dc6348a4d8947056e7"},{"path":"\/Users\/hien.tran\/Desktop\/What3WordsTest\/What3WordsTest\/Domains\/ImageCacheServiceType.swift","hash":"595748ff00d4e35acd8bdfe6b73195ecdb79b8fd"},{"path":"\/Users\/hien.tran\/Desktop\/What3WordsTest\/What3WordsTest\/Domains\/ImageLoaderServiceType.swift","hash":"2bccce8adcc075141023c238c9dd8703c772164b"},{"path":"\/Users\/hien.tran\/Desktop\/What3WordsTest\/What3WordsTest\/Domains\/MoviesAPIServiceType.swift","hash":"c5e44014759a0bdefe05a662cd45504614f242f4"},{"path":"\/Users\/hien.tran\/Desktop\/What3WordsTest\/What3WordsTest\/Domains\/SearchAPIServiceType.swift","hash":"8fbe265a3891ffd0c79cacfe65dbe4113c4ff2de"},{"path":"\/Users\/hien.tran\/Desktop\/What3WordsTest\/What3WordsTest\/Domains\/TrendingAPIServiceType.swift","hash":"b27ca64e38c4df9599c03808f9c2ba328ac986df"},{"path":"\/Users\/hien.tran\/Desktop\/What3WordsTest\/What3WordsTest\/Presentation\/MovieDetails\/MovieDetailsCell.swift","hash":"92d62f6f1833ec34bd54e2da7cc177eabd37b49e"},{"path":"\/Users\/hien.tran\/Desktop\/What3WordsTest\/What3WordsTest\/Presentation\/MovieDetails\/MovieDetailsViewController.swift","hash":"545c39ca9b0d4d502386f7291b3b9f0dc9dfbfbc"},{"path":"\/Users\/hien.tran\/Desktop\/What3WordsTest\/What3WordsTest\/Presentation\/MovieDetails\/MovieDetailsViewModel.swift","hash":"32b08b4b2b9cbc2e616a1b2d86666687537acc01"},{"path":"\/Users\/hien.tran\/Desktop\/What3WordsTest\/What3WordsTest\/Presentation\/MovieList\/MovieCell.swift","hash":"61be966ce8734030272e6714c5eb4e07b791812b"},{"path":"\/Users\/hien.tran\/Desktop\/What3WordsTest\/What3WordsTest\/Presentation\/MovieList\/MovieListViewController.swift","hash":"c310cd0a80aa5800764c88e5ac23764ed0cb39aa"},{"path":"\/Users\/hien.tran\/Desktop\/What3WordsTest\/What3WordsTest\/Presentation\/MovieList\/MovieListViewModel.swift","hash":"11d53ca759d208e0fb97ed532f1f5a4bd58676ef"},{"path":"\/Users\/hien.tran\/Desktop\/What3WordsTest\/What3WordsTest\/SceneDelegate.swift","hash":"21c91fe8846ea3947ed5cabcfebda10bb22532a2"}],"configHash":"6375f0f61b3e2e2f4da66ba04b3fb14e97314c43","dependencyPathsHash":"abbddb1d40719260c7dc3f03bb49e1ec09cc8986","targetPathsHash":"e3e7ea71d50ead8dcb21d6468a9d224ae8a153e0","mockedTypesHash":"d1177fa21b4a44f69b9b535c705ea004adab1f9a","outputHash":"4c2a7aa4c59d94c1533e02cf5babfd59644062a2","dependencies":[],"sourceRoot":"\/Users\/hien.tran\/Desktop\/What3WordsTest","supportingFilePaths":[{"path":"\/Users\/hien.tran\/Desktop\/What3WordsTest\/MockingbirdSupport\/AppKit\/NSResponder.swift","hash":"21296949c6d570892c8665a450e62c234c938790"},{"path":"\/Users\/hien.tran\/Desktop\/What3WordsTest\/MockingbirdSupport\/AppKit\/NSView.swift","hash":"85b3183be144012a7e105e292426c3d9f8966072"},{"path":"\/Users\/hien.tran\/Desktop\/What3WordsTest\/MockingbirdSupport\/AppKit\/NSViewController.swift","hash":"d8785e8a119f2723c8840534df0ad8ac61409797"},{"path":"\/Users\/hien.tran\/Desktop\/What3WordsTest\/MockingbirdSupport\/Foundation\/ObjectiveC\/NSObject.swift","hash":"cf466772b8c2d80d31f34b93b501b398fbb8854d"},{"path":"\/Users\/hien.tran\/Desktop\/What3WordsTest\/MockingbirdSupport\/Foundation\/ObjectiveC\/NSObject.swift","hash":"cf466772b8c2d80d31f34b93b501b398fbb8854d"},{"path":"\/Users\/hien.tran\/Desktop\/What3WordsTest\/MockingbirdSupport\/Swift\/Codable.swift","hash":"57675d8b36a2db7b093b3542bd3225a88992c3bc"},{"path":"\/Users\/hien.tran\/Desktop\/What3WordsTest\/MockingbirdSupport\/Swift\/Comparable.swift","hash":"d0d110744eeaf2f8fdd2f8a41df3452f35286bb7"},{"path":"\/Users\/hien.tran\/Desktop\/What3WordsTest\/MockingbirdSupport\/Swift\/Equatable.swift","hash":"2e7674f4e23a5ab7aef45b91b63c0ed5934c3b83"},{"path":"\/Users\/hien.tran\/Desktop\/What3WordsTest\/MockingbirdSupport\/Swift\/Hashable.swift","hash":"f59ec249aa03e312f2bda7c3b397c0dccd880a21"},{"path":"\/Users\/hien.tran\/Desktop\/What3WordsTest\/MockingbirdSupport\/Swift\/Misc.swift","hash":"c139249ec5799f1ec64c3d9e7d8c1f286b894035"},{"path":"\/Users\/hien.tran\/Desktop\/What3WordsTest\/MockingbirdSupport\/UIKit\/UIControl.swift","hash":"9363a4c38002598dbbc1198f16fe7198b8151d24"},{"path":"\/Users\/hien.tran\/Desktop\/What3WordsTest\/MockingbirdSupport\/UIKit\/UILabel.swift","hash":"e26a734695bfe008598ed0d8c936683db78f40ac"},{"path":"\/Users\/hien.tran\/Desktop\/What3WordsTest\/MockingbirdSupport\/UIKit\/UIView.swift","hash":"10e6b03a9c5a76f720c17fcb82af82ff66994926"},{"path":"\/Users\/hien.tran\/Desktop\/What3WordsTest\/MockingbirdSupport\/UIKit\/UIViewController.swift","hash":"bbd8980a22029f339b0e8746124fd06d94730570"}],"name":"What3WordsTest","projectHash":"d4b5316b9c8135a50907ba2ff3bd993bb80e68fb"}