{"projectHash":"d4b5316b9c8135a50907ba2ff3bd993bb80e68fb","productModuleName":"What3WordsTestTests","mockedTypeNames":["\/Users\/hien.tran\/Desktop\/What3WordsTest\/What3WordsTestTests\/Helpers\/Decodable+loadFromFile.swift",[],"\/Users\/hien.tran\/Desktop\/What3WordsTest\/What3WordsTestTests\/MovieListViewModelTests.swift",[],"\/Users\/hien.tran\/Desktop\/What3WordsTest\/What3WordsTestTests\/Helpers\/DI.swift",[],"\/Users\/hien.tran\/Desktop\/What3WordsTest\/What3WordsTestTests\/Helpers\/MockNetworkPublisher.swift",[],"\/Users\/hien.tran\/Desktop\/What3WordsTest\/What3WordsTestTests\/Helpers\/Mock.swift",["TrendingAPIServiceType"]],"cliVersion":"0.20.0","sourceFilePaths":[{"path":"\/Users\/hien.tran\/Desktop\/What3WordsTest\/MockingbirdMocks\/What3WordsTestTests-What3WordsTestMocks.generated.swift","hash":"4c2a7aa4c59d94c1533e02cf5babfd59644062a2"},{"path":"\/Users\/hien.tran\/Desktop\/What3WordsTest\/What3WordsTestTests\/Helpers\/DI.swift","hash":"f2254635f38513bebc1201cfaed0d2d51623b900"},{"path":"\/Users\/hien.tran\/Desktop\/What3WordsTest\/What3WordsTestTests\/Helpers\/Decodable+loadFromFile.swift","hash":"31419739c0d191daaac06b0f2219885c5c297e90"},{"path":"\/Users\/hien.tran\/Desktop\/What3WordsTest\/What3WordsTestTests\/Helpers\/Mock.swift","hash":"2868de755dcf793f61546b84bb483735f1510e2b"},{"path":"\/Users\/hien.tran\/Desktop\/What3WordsTest\/What3WordsTestTests\/Helpers\/MockNetworkPublisher.swift","hash":"70de23649c91d8ecf43626658cdf2867840686c6"},{"path":"\/Users\/hien.tran\/Desktop\/What3WordsTest\/What3WordsTestTests\/MovieListViewModelTests.swift","hash":"94ecdea9261551228a119253dcce571b683a5404"}],"sourceRoot":"\/Users\/hien.tran\/Desktop\/What3WordsTest","dependencies":[],"name":"What3WordsTestTests"}