{"projectHash":"1a7224f869811e19c6cb3290f861c5b94a1260aa","productModuleName":"What3WordsTestTests","mockedTypeNames":["\/Users\/hien.tran\/Desktop\/What3WordsTest\/What3WordsTestTests\/Helpers\/MockNetworkPublisher.swift",[],"\/Users\/hien.tran\/Desktop\/What3WordsTest\/What3WordsTestTests\/Helpers\/Mock.swift",["TrendingAPIServiceType"],"\/Users\/hien.tran\/Desktop\/What3WordsTest\/What3WordsTestTests\/Helpers\/Decodable+loadFromFile.swift",[],"\/Users\/hien.tran\/Desktop\/What3WordsTest\/What3WordsTestTests\/Helpers\/DI.swift",[],"\/Users\/hien.tran\/Desktop\/What3WordsTest\/What3WordsTestTests\/MovieListViewModelTests.swift",[]],"cliVersion":"0.20.0","sourceFilePaths":[{"path":"\/Users\/hien.tran\/Desktop\/What3WordsTest\/MockingbirdMocks\/What3WordsTestTests-What3WordsTestMocks.generated.swift","hash":"8d77a809cc31889b2336e97924d2115dbf504d5d"},{"path":"\/Users\/hien.tran\/Desktop\/What3WordsTest\/What3WordsTestTests\/Helpers\/DI.swift","hash":"f2254635f38513bebc1201cfaed0d2d51623b900"},{"path":"\/Users\/hien.tran\/Desktop\/What3WordsTest\/What3WordsTestTests\/Helpers\/Decodable+loadFromFile.swift","hash":"31419739c0d191daaac06b0f2219885c5c297e90"},{"path":"\/Users\/hien.tran\/Desktop\/What3WordsTest\/What3WordsTestTests\/Helpers\/Mock.swift","hash":"2868de755dcf793f61546b84bb483735f1510e2b"},{"path":"\/Users\/hien.tran\/Desktop\/What3WordsTest\/What3WordsTestTests\/Helpers\/MockNetworkPublisher.swift","hash":"70de23649c91d8ecf43626658cdf2867840686c6"},{"path":"\/Users\/hien.tran\/Desktop\/What3WordsTest\/What3WordsTestTests\/MovieListViewModelTests.swift","hash":"df9717d9a8476fd44b96664670cd204f7f63067c"}],"sourceRoot":"\/Users\/hien.tran\/Desktop\/What3WordsTest","dependencies":[],"name":"What3WordsTestTests"}