// !$*UTF8*$!
{
	archiveVersion = 1;
	classes = {
	};
	objectVersion = 56;
	objects = {

/* Begin PBXBuildFile section */
		0E14586A2AE7B53F006ED9BD /* MoviesAPI.swift in Sources */ = {isa = PBXBuildFile; fileRef = 0E1458692AE7B53F006ED9BD /* MoviesAPI.swift */; };
		0E14586C2AE7B712006ED9BD /* MoviesAPIServiceType.swift in Sources */ = {isa = PBXBuildFile; fileRef = 0E14586B2AE7B712006ED9BD /* MoviesAPIServiceType.swift */; };
		0E14586E2AE7B752006ED9BD /* MovieDetails.swift in Sources */ = {isa = PBXBuildFile; fileRef = 0E14586D2AE7B752006ED9BD /* MovieDetails.swift */; };
		0E1458712AE7BD38006ED9BD /* MoviesAPIService.swift in Sources */ = {isa = PBXBuildFile; fileRef = 0E1458702AE7BD38006ED9BD /* MoviesAPIService.swift */; };
		0E1458742AE7BFDB006ED9BD /* MovieDetailsViewController.swift in Sources */ = {isa = PBXBuildFile; fileRef = 0E1458732AE7BFDB006ED9BD /* MovieDetailsViewController.swift */; };
		0E1458762AE7C021006ED9BD /* MovieDetailsViewModel.swift in Sources */ = {isa = PBXBuildFile; fileRef = 0E1458752AE7C021006ED9BD /* MovieDetailsViewModel.swift */; };
		0E1458792AE7C6F7006ED9BD /* MovieDetailsCell.swift in Sources */ = {isa = PBXBuildFile; fileRef = 0E1458782AE7C6F7006ED9BD /* MovieDetailsCell.swift */; };
		0E16359C2AE66FB100EF3C44 /* DateFormatter+Ext.swift in Sources */ = {isa = PBXBuildFile; fileRef = 0E16359B2AE66FB100EF3C44 /* DateFormatter+Ext.swift */; };
		0E16359E2AE6739D00EF3C44 /* SearchAPIServiceType.swift in Sources */ = {isa = PBXBuildFile; fileRef = 0E16359D2AE6739D00EF3C44 /* SearchAPIServiceType.swift */; };
		0E1635A02AE674A800EF3C44 /* SearchAPIService.swift in Sources */ = {isa = PBXBuildFile; fileRef = 0E16359F2AE674A800EF3C44 /* SearchAPIService.swift */; };
		0E1635A32AE77AA900EF3C44 /* CombineExt in Frameworks */ = {isa = PBXBuildFile; productRef = 0E1635A22AE77AA900EF3C44 /* CombineExt */; };
		0E23006D2AE2982100F69E9B /* AppDelegate.swift in Sources */ = {isa = PBXBuildFile; fileRef = 0E23006C2AE2982100F69E9B /* AppDelegate.swift */; };
		0E23006F2AE2982100F69E9B /* SceneDelegate.swift in Sources */ = {isa = PBXBuildFile; fileRef = 0E23006E2AE2982100F69E9B /* SceneDelegate.swift */; };
		0E2300762AE2982300F69E9B /* Assets.xcassets in Resources */ = {isa = PBXBuildFile; fileRef = 0E2300752AE2982300F69E9B /* Assets.xcassets */; };
		0E2300792AE2982400F69E9B /* LaunchScreen.storyboard in Resources */ = {isa = PBXBuildFile; fileRef = 0E2300772AE2982400F69E9B /* LaunchScreen.storyboard */; };
		0E23008E2AE2982400F69E9B /* What3WordsTestUITests.swift in Sources */ = {isa = PBXBuildFile; fileRef = 0E23008D2AE2982400F69E9B /* What3WordsTestUITests.swift */; };
		0E2300902AE2982400F69E9B /* What3WordsTestUITestsLaunchTests.swift in Sources */ = {isa = PBXBuildFile; fileRef = 0E23008F2AE2982400F69E9B /* What3WordsTestUITestsLaunchTests.swift */; };
		0E2300A22AE3A00200F69E9B /* CombineMoya in Frameworks */ = {isa = PBXBuildFile; productRef = 0E2300A12AE3A00200F69E9B /* CombineMoya */; };
		0E2300A52AE3A4EA00F69E9B /* Codextended in Frameworks */ = {isa = PBXBuildFile; productRef = 0E2300A42AE3A4EA00F69E9B /* Codextended */; };
		0E2300A82AE3A94600F69E9B /* Resolver in Frameworks */ = {isa = PBXBuildFile; productRef = 0E2300A72AE3A94600F69E9B /* Resolver */; };
		0E2300AB2AE3A97700F69E9B /* MovieListViewController.swift in Sources */ = {isa = PBXBuildFile; fileRef = 0E2300AA2AE3A97700F69E9B /* MovieListViewController.swift */; };
		0E2300AF2AE3D6A800F69E9B /* BaseTargetType.swift in Sources */ = {isa = PBXBuildFile; fileRef = 0E2300AE2AE3D6A800F69E9B /* BaseTargetType.swift */; };
		0E2300B12AE3D75900F69E9B /* TrendingAPI.swift in Sources */ = {isa = PBXBuildFile; fileRef = 0E2300B02AE3D75900F69E9B /* TrendingAPI.swift */; };
		0E2300B32AE3DA9D00F69E9B /* SearchAPI.swift in Sources */ = {isa = PBXBuildFile; fileRef = 0E2300B22AE3DA9D00F69E9B /* SearchAPI.swift */; };
		0E2300B62AE3DBFD00F69E9B /* CommonHeadersPlugin.swift in Sources */ = {isa = PBXBuildFile; fileRef = 0E2300B52AE3DBFD00F69E9B /* CommonHeadersPlugin.swift */; };
		0E2300B92AE3DCA900F69E9B /* AnyPublisher+Response+Ext.swift in Sources */ = {isa = PBXBuildFile; fileRef = 0E2300B82AE3DCA900F69E9B /* AnyPublisher+Response+Ext.swift */; };
		0E2300BF2AE3DDCA00F69E9B /* TrendingAPIService.swift in Sources */ = {isa = PBXBuildFile; fileRef = 0E2300BE2AE3DDCA00F69E9B /* TrendingAPIService.swift */; };
		0E2300C12AE3DDEC00F69E9B /* TrendingAPIServiceType.swift in Sources */ = {isa = PBXBuildFile; fileRef = 0E2300C02AE3DDEC00F69E9B /* TrendingAPIServiceType.swift */; };
		0E2300C32AE3DFBF00F69E9B /* Movie.swift in Sources */ = {isa = PBXBuildFile; fileRef = 0E2300C22AE3DFBF00F69E9B /* Movie.swift */; };
		0E2300C52AE3E34900F69E9B /* PaginationResponse.swift in Sources */ = {isa = PBXBuildFile; fileRef = 0E2300C42AE3E34900F69E9B /* PaginationResponse.swift */; };
		0E2300C72AE3E4DF00F69E9B /* NetworkError.swift in Sources */ = {isa = PBXBuildFile; fileRef = 0E2300C62AE3E4DF00F69E9B /* NetworkError.swift */; };
		0E2300C92AE3E6DD00F69E9B /* MoyaClient.swift in Sources */ = {isa = PBXBuildFile; fileRef = 0E2300C82AE3E6DD00F69E9B /* MoyaClient.swift */; };
		0E2300CB2AE3ECF000F69E9B /* MovieListViewModel.swift in Sources */ = {isa = PBXBuildFile; fileRef = 0E2300CA2AE3ECF000F69E9B /* MovieListViewModel.swift */; };
		0E2300CE2AE3ED2300F69E9B /* App+Inject.swift in Sources */ = {isa = PBXBuildFile; fileRef = 0E2300CD2AE3ED2300F69E9B /* App+Inject.swift */; };
		0E2300D12AE4258F00F69E9B /* CombineCocoa in Frameworks */ = {isa = PBXBuildFile; productRef = 0E2300D02AE4258F00F69E9B /* CombineCocoa */; };
		0E2300D42AE4E1B500F69E9B /* TinyConstraints in Frameworks */ = {isa = PBXBuildFile; productRef = 0E2300D32AE4E1B500F69E9B /* TinyConstraints */; };
		0E2300D72AE4ECAB00F69E9B /* UIEdgeInsets+Ext.swift in Sources */ = {isa = PBXBuildFile; fileRef = 0E2300D62AE4ECAB00F69E9B /* UIEdgeInsets+Ext.swift */; };
		0E2300D92AE5012900F69E9B /* UITableView+Reusable.swift in Sources */ = {isa = PBXBuildFile; fileRef = 0E2300D82AE5012900F69E9B /* UITableView+Reusable.swift */; };
		0E2300DB2AE5050400F69E9B /* MovieCell.swift in Sources */ = {isa = PBXBuildFile; fileRef = 0E2300DA2AE5050400F69E9B /* MovieCell.swift */; };
		0E5FC6A82AE878FF00558193 /* TrendingAPIMockService.swift in Sources */ = {isa = PBXBuildFile; fileRef = 0E5FC6A72AE878FF00558193 /* TrendingAPIMockService.swift */; };
		0E5FC6AB2AE8C3A100558193 /* Atlantis in Frameworks */ = {isa = PBXBuildFile; productRef = 0E5FC6AA2AE8C3A100558193 /* Atlantis */; };
		0E5FC6AD2AE8CD8700558193 /* CachePolicyPlugin.swift in Sources */ = {isa = PBXBuildFile; fileRef = 0E5FC6AC2AE8CD8700558193 /* CachePolicyPlugin.swift */; };
		0E5FC6B02AE8F94000558193 /* MovieEntity.swift in Sources */ = {isa = PBXBuildFile; fileRef = 0E5FC6AF2AE8F94000558193 /* MovieEntity.swift */; };
		0E5FC6B22AE8FE4300558193 /* ImageLoaderAPI.swift in Sources */ = {isa = PBXBuildFile; fileRef = 0E5FC6B12AE8FE4300558193 /* ImageLoaderAPI.swift */; };
		0E5FC6B52AE901A000558193 /* ImageLoaderService.swift in Sources */ = {isa = PBXBuildFile; fileRef = 0E5FC6B42AE901A000558193 /* ImageLoaderService.swift */; };
		0E5FC6B72AE9033300558193 /* ImageLoaderServiceType.swift in Sources */ = {isa = PBXBuildFile; fileRef = 0E5FC6B62AE9033300558193 /* ImageLoaderServiceType.swift */; };
		0E5FC6B92AE920CA00558193 /* Publisher+Ext.swift in Sources */ = {isa = PBXBuildFile; fileRef = 0E5FC6B82AE920CA00558193 /* Publisher+Ext.swift */; };
		0E5FC6BB2AE9EBDB00558193 /* ImageCacheServiceType.swift in Sources */ = {isa = PBXBuildFile; fileRef = 0E5FC6BA2AE9EBDB00558193 /* ImageCacheServiceType.swift */; };
		0E5FC6BE2AE9EC5B00558193 /* ImageCacheService.swift in Sources */ = {isa = PBXBuildFile; fileRef = 0E5FC6BD2AE9EC5B00558193 /* ImageCacheService.swift */; };
		0E5FC6C12AEA076400558193 /* Kingfisher in Frameworks */ = {isa = PBXBuildFile; productRef = 0E5FC6C02AEA076400558193 /* Kingfisher */; };
		0E5FC6C32AEA1EFD00558193 /* MovieDetailsEntity.swift in Sources */ = {isa = PBXBuildFile; fileRef = 0E5FC6C22AEA1EFD00558193 /* MovieDetailsEntity.swift */; };
		0E5FC6C62AEA32CE00558193 /* MovieListViewModelTests.swift in Sources */ = {isa = PBXBuildFile; fileRef = 0E5FC6C52AEA32CE00558193 /* MovieListViewModelTests.swift */; };
		0E5FC6C82AEA372400558193 /* DI.swift in Sources */ = {isa = PBXBuildFile; fileRef = 0E5FC6C72AEA372400558193 /* DI.swift */; };
		0E5FC6CD2AEA46D000558193 /* Mock.swift in Sources */ = {isa = PBXBuildFile; fileRef = 0E5FC6CC2AEA46D000558193 /* Mock.swift */; };
		0E5FC6DA2AEA6F1E00558193 /* Mockingbird in Frameworks */ = {isa = PBXBuildFile; productRef = 0E5FC6D92AEA6F1E00558193 /* Mockingbird */; };
		0E5FC6DD2AEA832C00558193 /* trending_movies_1.json in Resources */ = {isa = PBXBuildFile; fileRef = 0E5FC6DC2AEA727100558193 /* trending_movies_1.json */; };
		0E5FC6DF2AEA87B900558193 /* trending_movies_2.json in Resources */ = {isa = PBXBuildFile; fileRef = 0E5FC6DE2AEA87B900558193 /* trending_movies_2.json */; };
		0E5FC6E22AEACE7B00558193 /* Decodable+loadFromFile.swift in Sources */ = {isa = PBXBuildFile; fileRef = 0E5FC6E12AEACE7B00558193 /* Decodable+loadFromFile.swift */; };
		0E5FC6E52AEACFB000558193 /* MockNetworkPublisher.swift in Sources */ = {isa = PBXBuildFile; fileRef = 0E5FC6E42AEACFB000558193 /* MockNetworkPublisher.swift */; };
		0E89C5CE2AE7806200E2BDAF /* String+Ext.swift in Sources */ = {isa = PBXBuildFile; fileRef = 0E89C5CD2AE7806200E2BDAF /* String+Ext.swift */; };
		0E89C5D12AE7A23400E2BDAF /* OrderedCollections in Frameworks */ = {isa = PBXBuildFile; productRef = 0E89C5D02AE7A23400E2BDAF /* OrderedCollections */; };
		0EF8D7B22AE876870019D9CF /* Genre.swift in Sources */ = {isa = PBXBuildFile; fileRef = 0EF8D7B12AE876860019D9CF /* Genre.swift */; };
		249C9BF14E111574BEC87F85 /* What3WordsTestTests-What3WordsTestMocks.generated.swift in Sources */ = {isa = PBXBuildFile; fileRef = D483140D3189DB18EE4464EA /* What3WordsTestTests-What3WordsTestMocks.generated.swift */; };
/* End PBXBuildFile section */

/* Begin PBXContainerItemProxy section */
		0E2300802AE2982400F69E9B /* PBXContainerItemProxy */ = {
			isa = PBXContainerItemProxy;
			containerPortal = 0E2300612AE2982100F69E9B /* Project object */;
			proxyType = 1;
			remoteGlobalIDString = 0E2300682AE2982100F69E9B;
			remoteInfo = What3WordsTest;
		};
		0E23008A2AE2982400F69E9B /* PBXContainerItemProxy */ = {
			isa = PBXContainerItemProxy;
			containerPortal = 0E2300612AE2982100F69E9B /* Project object */;
			proxyType = 1;
			remoteGlobalIDString = 0E2300682AE2982100F69E9B;
			remoteInfo = What3WordsTest;
		};
/* End PBXContainerItemProxy section */

/* Begin PBXFileReference section */
		0E1458692AE7B53F006ED9BD /* MoviesAPI.swift */ = {isa = PBXFileReference; lastKnownFileType = sourcecode.swift; path = MoviesAPI.swift; sourceTree = "<group>"; };
		0E14586B2AE7B712006ED9BD /* MoviesAPIServiceType.swift */ = {isa = PBXFileReference; lastKnownFileType = sourcecode.swift; path = MoviesAPIServiceType.swift; sourceTree = "<group>"; };
		0E14586D2AE7B752006ED9BD /* MovieDetails.swift */ = {isa = PBXFileReference; lastKnownFileType = sourcecode.swift; path = MovieDetails.swift; sourceTree = "<group>"; };
		0E1458702AE7BD38006ED9BD /* MoviesAPIService.swift */ = {isa = PBXFileReference; lastKnownFileType = sourcecode.swift; path = MoviesAPIService.swift; sourceTree = "<group>"; };
		0E1458732AE7BFDB006ED9BD /* MovieDetailsViewController.swift */ = {isa = PBXFileReference; lastKnownFileType = sourcecode.swift; path = MovieDetailsViewController.swift; sourceTree = "<group>"; };
		0E1458752AE7C021006ED9BD /* MovieDetailsViewModel.swift */ = {isa = PBXFileReference; lastKnownFileType = sourcecode.swift; path = MovieDetailsViewModel.swift; sourceTree = "<group>"; };
		0E1458782AE7C6F7006ED9BD /* MovieDetailsCell.swift */ = {isa = PBXFileReference; lastKnownFileType = sourcecode.swift; path = MovieDetailsCell.swift; sourceTree = "<group>"; };
		0E16359B2AE66FB100EF3C44 /* DateFormatter+Ext.swift */ = {isa = PBXFileReference; lastKnownFileType = sourcecode.swift; path = "DateFormatter+Ext.swift"; sourceTree = "<group>"; };
		0E16359D2AE6739D00EF3C44 /* SearchAPIServiceType.swift */ = {isa = PBXFileReference; lastKnownFileType = sourcecode.swift; path = SearchAPIServiceType.swift; sourceTree = "<group>"; };
		0E16359F2AE674A800EF3C44 /* SearchAPIService.swift */ = {isa = PBXFileReference; lastKnownFileType = sourcecode.swift; path = SearchAPIService.swift; sourceTree = "<group>"; };
		0E2300692AE2982100F69E9B /* What3WordsTest.app */ = {isa = PBXFileReference; explicitFileType = wrapper.application; includeInIndex = 0; path = What3WordsTest.app; sourceTree = BUILT_PRODUCTS_DIR; };
		0E23006C2AE2982100F69E9B /* AppDelegate.swift */ = {isa = PBXFileReference; lastKnownFileType = sourcecode.swift; path = AppDelegate.swift; sourceTree = "<group>"; };
		0E23006E2AE2982100F69E9B /* SceneDelegate.swift */ = {isa = PBXFileReference; lastKnownFileType = sourcecode.swift; path = SceneDelegate.swift; sourceTree = "<group>"; };
		0E2300752AE2982300F69E9B /* Assets.xcassets */ = {isa = PBXFileReference; lastKnownFileType = folder.assetcatalog; path = Assets.xcassets; sourceTree = "<group>"; };
		0E2300782AE2982400F69E9B /* Base */ = {isa = PBXFileReference; lastKnownFileType = file.storyboard; name = Base; path = Base.lproj/LaunchScreen.storyboard; sourceTree = "<group>"; };
		0E23007A2AE2982400F69E9B /* Info.plist */ = {isa = PBXFileReference; lastKnownFileType = text.plist.xml; path = Info.plist; sourceTree = "<group>"; };
		0E23007F2AE2982400F69E9B /* What3WordsTestTests.xctest */ = {isa = PBXFileReference; explicitFileType = wrapper.cfbundle; includeInIndex = 0; path = What3WordsTestTests.xctest; sourceTree = BUILT_PRODUCTS_DIR; };
		0E2300892AE2982400F69E9B /* What3WordsTestUITests.xctest */ = {isa = PBXFileReference; explicitFileType = wrapper.cfbundle; includeInIndex = 0; path = What3WordsTestUITests.xctest; sourceTree = BUILT_PRODUCTS_DIR; };
		0E23008D2AE2982400F69E9B /* What3WordsTestUITests.swift */ = {isa = PBXFileReference; lastKnownFileType = sourcecode.swift; path = What3WordsTestUITests.swift; sourceTree = "<group>"; };
		0E23008F2AE2982400F69E9B /* What3WordsTestUITestsLaunchTests.swift */ = {isa = PBXFileReference; lastKnownFileType = sourcecode.swift; path = What3WordsTestUITestsLaunchTests.swift; sourceTree = "<group>"; };
		0E2300AA2AE3A97700F69E9B /* MovieListViewController.swift */ = {isa = PBXFileReference; lastKnownFileType = sourcecode.swift; path = MovieListViewController.swift; sourceTree = "<group>"; };
		0E2300AE2AE3D6A800F69E9B /* BaseTargetType.swift */ = {isa = PBXFileReference; lastKnownFileType = sourcecode.swift; path = BaseTargetType.swift; sourceTree = "<group>"; };
		0E2300B02AE3D75900F69E9B /* TrendingAPI.swift */ = {isa = PBXFileReference; lastKnownFileType = sourcecode.swift; path = TrendingAPI.swift; sourceTree = "<group>"; };
		0E2300B22AE3DA9D00F69E9B /* SearchAPI.swift */ = {isa = PBXFileReference; lastKnownFileType = sourcecode.swift; path = SearchAPI.swift; sourceTree = "<group>"; };
		0E2300B52AE3DBFD00F69E9B /* CommonHeadersPlugin.swift */ = {isa = PBXFileReference; lastKnownFileType = sourcecode.swift; path = CommonHeadersPlugin.swift; sourceTree = "<group>"; };
		0E2300B82AE3DCA900F69E9B /* AnyPublisher+Response+Ext.swift */ = {isa = PBXFileReference; lastKnownFileType = sourcecode.swift; path = "AnyPublisher+Response+Ext.swift"; sourceTree = "<group>"; };
		0E2300BE2AE3DDCA00F69E9B /* TrendingAPIService.swift */ = {isa = PBXFileReference; lastKnownFileType = sourcecode.swift; path = TrendingAPIService.swift; sourceTree = "<group>"; };
		0E2300C02AE3DDEC00F69E9B /* TrendingAPIServiceType.swift */ = {isa = PBXFileReference; lastKnownFileType = sourcecode.swift; path = TrendingAPIServiceType.swift; sourceTree = "<group>"; };
		0E2300C22AE3DFBF00F69E9B /* Movie.swift */ = {isa = PBXFileReference; lastKnownFileType = sourcecode.swift; path = Movie.swift; sourceTree = "<group>"; };
		0E2300C42AE3E34900F69E9B /* PaginationResponse.swift */ = {isa = PBXFileReference; lastKnownFileType = sourcecode.swift; path = PaginationResponse.swift; sourceTree = "<group>"; };
		0E2300C62AE3E4DF00F69E9B /* NetworkError.swift */ = {isa = PBXFileReference; lastKnownFileType = sourcecode.swift; path = NetworkError.swift; sourceTree = "<group>"; };
		0E2300C82AE3E6DD00F69E9B /* MoyaClient.swift */ = {isa = PBXFileReference; lastKnownFileType = sourcecode.swift; path = MoyaClient.swift; sourceTree = "<group>"; };
		0E2300CA2AE3ECF000F69E9B /* MovieListViewModel.swift */ = {isa = PBXFileReference; lastKnownFileType = sourcecode.swift; path = MovieListViewModel.swift; sourceTree = "<group>"; };
		0E2300CD2AE3ED2300F69E9B /* App+Inject.swift */ = {isa = PBXFileReference; lastKnownFileType = sourcecode.swift; path = "App+Inject.swift"; sourceTree = "<group>"; };
		0E2300D62AE4ECAB00F69E9B /* UIEdgeInsets+Ext.swift */ = {isa = PBXFileReference; lastKnownFileType = sourcecode.swift; path = "UIEdgeInsets+Ext.swift"; sourceTree = "<group>"; };
		0E2300D82AE5012900F69E9B /* UITableView+Reusable.swift */ = {isa = PBXFileReference; lastKnownFileType = sourcecode.swift; path = "UITableView+Reusable.swift"; sourceTree = "<group>"; };
		0E2300DA2AE5050400F69E9B /* MovieCell.swift */ = {isa = PBXFileReference; lastKnownFileType = sourcecode.swift; path = MovieCell.swift; sourceTree = "<group>"; };
		0E5FC6A72AE878FF00558193 /* TrendingAPIMockService.swift */ = {isa = PBXFileReference; lastKnownFileType = sourcecode.swift; path = TrendingAPIMockService.swift; sourceTree = "<group>"; };
		0E5FC6AC2AE8CD8700558193 /* CachePolicyPlugin.swift */ = {isa = PBXFileReference; lastKnownFileType = sourcecode.swift; path = CachePolicyPlugin.swift; sourceTree = "<group>"; };
		0E5FC6AF2AE8F94000558193 /* MovieEntity.swift */ = {isa = PBXFileReference; lastKnownFileType = sourcecode.swift; path = MovieEntity.swift; sourceTree = "<group>"; };
		0E5FC6B12AE8FE4300558193 /* ImageLoaderAPI.swift */ = {isa = PBXFileReference; lastKnownFileType = sourcecode.swift; path = ImageLoaderAPI.swift; sourceTree = "<group>"; };
		0E5FC6B42AE901A000558193 /* ImageLoaderService.swift */ = {isa = PBXFileReference; lastKnownFileType = sourcecode.swift; path = ImageLoaderService.swift; sourceTree = "<group>"; };
		0E5FC6B62AE9033300558193 /* ImageLoaderServiceType.swift */ = {isa = PBXFileReference; lastKnownFileType = sourcecode.swift; path = ImageLoaderServiceType.swift; sourceTree = "<group>"; };
		0E5FC6B82AE920CA00558193 /* Publisher+Ext.swift */ = {isa = PBXFileReference; lastKnownFileType = sourcecode.swift; path = "Publisher+Ext.swift"; sourceTree = "<group>"; };
		0E5FC6BA2AE9EBDB00558193 /* ImageCacheServiceType.swift */ = {isa = PBXFileReference; lastKnownFileType = sourcecode.swift; path = ImageCacheServiceType.swift; sourceTree = "<group>"; };
		0E5FC6BD2AE9EC5B00558193 /* ImageCacheService.swift */ = {isa = PBXFileReference; lastKnownFileType = sourcecode.swift; path = ImageCacheService.swift; sourceTree = "<group>"; };
		0E5FC6C22AEA1EFD00558193 /* MovieDetailsEntity.swift */ = {isa = PBXFileReference; lastKnownFileType = sourcecode.swift; path = MovieDetailsEntity.swift; sourceTree = "<group>"; };
		0E5FC6C52AEA32CE00558193 /* MovieListViewModelTests.swift */ = {isa = PBXFileReference; lastKnownFileType = sourcecode.swift; path = MovieListViewModelTests.swift; sourceTree = "<group>"; };
		0E5FC6C72AEA372400558193 /* DI.swift */ = {isa = PBXFileReference; lastKnownFileType = sourcecode.swift; path = DI.swift; sourceTree = "<group>"; };
		0E5FC6CC2AEA46D000558193 /* Mock.swift */ = {isa = PBXFileReference; lastKnownFileType = sourcecode.swift; path = Mock.swift; sourceTree = "<group>"; };
		0E5FC6DC2AEA727100558193 /* trending_movies_1.json */ = {isa = PBXFileReference; lastKnownFileType = text.json; path = trending_movies_1.json; sourceTree = "<group>"; };
		0E5FC6DE2AEA87B900558193 /* trending_movies_2.json */ = {isa = PBXFileReference; lastKnownFileType = text.json; path = trending_movies_2.json; sourceTree = "<group>"; };
		0E5FC6E12AEACE7B00558193 /* Decodable+loadFromFile.swift */ = {isa = PBXFileReference; lastKnownFileType = sourcecode.swift; path = "Decodable+loadFromFile.swift"; sourceTree = "<group>"; };
		0E5FC6E42AEACFB000558193 /* MockNetworkPublisher.swift */ = {isa = PBXFileReference; lastKnownFileType = sourcecode.swift; path = MockNetworkPublisher.swift; sourceTree = "<group>"; };
		0E89C5CD2AE7806200E2BDAF /* String+Ext.swift */ = {isa = PBXFileReference; lastKnownFileType = sourcecode.swift; path = "String+Ext.swift"; sourceTree = "<group>"; };
		0EF8D7B12AE876860019D9CF /* Genre.swift */ = {isa = PBXFileReference; lastKnownFileType = sourcecode.swift; path = Genre.swift; sourceTree = "<group>"; };
		D483140D3189DB18EE4464EA /* What3WordsTestTests-What3WordsTestMocks.generated.swift */ = {isa = PBXFileReference; explicitFileType = sourcecode.swift; name = "What3WordsTestTests-What3WordsTestMocks.generated.swift"; path = "MockingbirdMocks/What3WordsTestTests-What3WordsTestMocks.generated.swift"; sourceTree = "<group>"; };
/* End PBXFileReference section */

/* Begin PBXFrameworksBuildPhase section */
		0E2300662AE2982100F69E9B /* Frameworks */ = {
			isa = PBXFrameworksBuildPhase;
			buildActionMask = 2147483647;
			files = (
				0E5FC6AB2AE8C3A100558193 /* Atlantis in Frameworks */,
				0E2300A82AE3A94600F69E9B /* Resolver in Frameworks */,
				0E2300A52AE3A4EA00F69E9B /* Codextended in Frameworks */,
				0E5FC6C12AEA076400558193 /* Kingfisher in Frameworks */,
				0E2300D42AE4E1B500F69E9B /* TinyConstraints in Frameworks */,
				0E2300D12AE4258F00F69E9B /* CombineCocoa in Frameworks */,
				0E1635A32AE77AA900EF3C44 /* CombineExt in Frameworks */,
				0E89C5D12AE7A23400E2BDAF /* OrderedCollections in Frameworks */,
				0E2300A22AE3A00200F69E9B /* CombineMoya in Frameworks */,
			);
			runOnlyForDeploymentPostprocessing = 0;
		};
		0E23007C2AE2982400F69E9B /* Frameworks */ = {
			isa = PBXFrameworksBuildPhase;
			buildActionMask = 2147483647;
			files = (
				0E5FC6DA2AEA6F1E00558193 /* Mockingbird in Frameworks */,
			);
			runOnlyForDeploymentPostprocessing = 0;
		};
		0E2300862AE2982400F69E9B /* Frameworks */ = {
			isa = PBXFrameworksBuildPhase;
			buildActionMask = 2147483647;
			files = (
			);
			runOnlyForDeploymentPostprocessing = 0;
		};
/* End PBXFrameworksBuildPhase section */

/* Begin PBXGroup section */
		0E14586F2AE7BD13006ED9BD /* MoviesRepositories */ = {
			isa = PBXGroup;
			children = (
				0E1458702AE7BD38006ED9BD /* MoviesAPIService.swift */,
			);
			path = MoviesRepositories;
			sourceTree = "<group>";
		};
		0E1458722AE7BFC3006ED9BD /* MovieDetails */ = {
			isa = PBXGroup;
			children = (
				0E1458732AE7BFDB006ED9BD /* MovieDetailsViewController.swift */,
				0E1458782AE7C6F7006ED9BD /* MovieDetailsCell.swift */,
				0E1458752AE7C021006ED9BD /* MovieDetailsViewModel.swift */,
			);
			path = MovieDetails;
			sourceTree = "<group>";
		};
		0E2300602AE2982100F69E9B = {
			isa = PBXGroup;
			children = (
				0E23006B2AE2982100F69E9B /* What3WordsTest */,
				0E2300822AE2982400F69E9B /* What3WordsTestTests */,
				0E23008C2AE2982400F69E9B /* What3WordsTestUITests */,
				0E23006A2AE2982100F69E9B /* Products */,
				F27122E90AA44A63BF8CFAF7 /* Generated Mocks */,
			);
			sourceTree = "<group>";
		};
		0E23006A2AE2982100F69E9B /* Products */ = {
			isa = PBXGroup;
			children = (
				0E2300692AE2982100F69E9B /* What3WordsTest.app */,
				0E23007F2AE2982400F69E9B /* What3WordsTestTests.xctest */,
				0E2300892AE2982400F69E9B /* What3WordsTestUITests.xctest */,
			);
			name = Products;
			sourceTree = "<group>";
		};
		0E23006B2AE2982100F69E9B /* What3WordsTest */ = {
			isa = PBXGroup;
			children = (
				0E23009F2AE39F0300F69E9B /* Data */,
				0E23009E2AE39EFB00F69E9B /* Presentation */,
				0E23009D2AE39EF000F69E9B /* Domains */,
				0E23009C2AE39EBC00F69E9B /* Core */,
				0E23006C2AE2982100F69E9B /* AppDelegate.swift */,
				0E23006E2AE2982100F69E9B /* SceneDelegate.swift */,
				0E2300752AE2982300F69E9B /* Assets.xcassets */,
				0E2300772AE2982400F69E9B /* LaunchScreen.storyboard */,
				0E23007A2AE2982400F69E9B /* Info.plist */,
			);
			path = What3WordsTest;
			sourceTree = "<group>";
		};
		0E2300822AE2982400F69E9B /* What3WordsTestTests */ = {
			isa = PBXGroup;
			children = (
				0E5FC6E02AEACE5900558193 /* Helpers */,
				0E5FC6DB2AEA724400558193 /* mocks */,
				0E5FC6C52AEA32CE00558193 /* MovieListViewModelTests.swift */,
			);
			path = What3WordsTestTests;
			sourceTree = "<group>";
		};
		0E23008C2AE2982400F69E9B /* What3WordsTestUITests */ = {
			isa = PBXGroup;
			children = (
				0E23008D2AE2982400F69E9B /* What3WordsTestUITests.swift */,
				0E23008F2AE2982400F69E9B /* What3WordsTestUITestsLaunchTests.swift */,
			);
			path = What3WordsTestUITests;
			sourceTree = "<group>";
		};
		0E23009C2AE39EBC00F69E9B /* Core */ = {
			isa = PBXGroup;
			children = (
				0E2300D52AE4EBED00F69E9B /* Extensions */,
				0E2300CC2AE3ED0200F69E9B /* DI */,
				0E2300AC2AE3D65200F69E9B /* Networking */,
			);
			path = Core;
			sourceTree = "<group>";
		};
		0E23009D2AE39EF000F69E9B /* Domains */ = {
			isa = PBXGroup;
			children = (
				0E5FC6AE2AE8F90D00558193 /* Entities */,
				0E2300C02AE3DDEC00F69E9B /* TrendingAPIServiceType.swift */,
				0E16359D2AE6739D00EF3C44 /* SearchAPIServiceType.swift */,
				0E14586B2AE7B712006ED9BD /* MoviesAPIServiceType.swift */,
				0E5FC6B62AE9033300558193 /* ImageLoaderServiceType.swift */,
				0E5FC6BA2AE9EBDB00558193 /* ImageCacheServiceType.swift */,
			);
			path = Domains;
			sourceTree = "<group>";
		};
		0E23009E2AE39EFB00F69E9B /* Presentation */ = {
			isa = PBXGroup;
			children = (
				0E1458722AE7BFC3006ED9BD /* MovieDetails */,
				0E2300A92AE3A95600F69E9B /* MovieList */,
			);
			path = Presentation;
			sourceTree = "<group>";
		};
		0E23009F2AE39F0300F69E9B /* Data */ = {
			isa = PBXGroup;
			children = (
				0E2300BB2AE3DD1B00F69E9B /* Repositories */,
			);
			path = Data;
			sourceTree = "<group>";
		};
		0E2300A92AE3A95600F69E9B /* MovieList */ = {
			isa = PBXGroup;
			children = (
				0E2300AA2AE3A97700F69E9B /* MovieListViewController.swift */,
				0E2300CA2AE3ECF000F69E9B /* MovieListViewModel.swift */,
				0E2300DA2AE5050400F69E9B /* MovieCell.swift */,
			);
			path = MovieList;
			sourceTree = "<group>";
		};
		0E2300AC2AE3D65200F69E9B /* Networking */ = {
			isa = PBXGroup;
			children = (
				0E2300BA2AE3DCD900F69E9B /* Models+DTOs */,
				0E2300B72AE3DC9A00F69E9B /* Extentions */,
				0E2300B42AE3DBDA00F69E9B /* Plugins */,
				0E2300AD2AE3D65D00F69E9B /* API */,
				0E2300C62AE3E4DF00F69E9B /* NetworkError.swift */,
				0E2300C82AE3E6DD00F69E9B /* MoyaClient.swift */,
			);
			path = Networking;
			sourceTree = "<group>";
		};
		0E2300AD2AE3D65D00F69E9B /* API */ = {
			isa = PBXGroup;
			children = (
				0E2300AE2AE3D6A800F69E9B /* BaseTargetType.swift */,
				0E2300B02AE3D75900F69E9B /* TrendingAPI.swift */,
				0E1458692AE7B53F006ED9BD /* MoviesAPI.swift */,
				0E2300B22AE3DA9D00F69E9B /* SearchAPI.swift */,
				0E5FC6B12AE8FE4300558193 /* ImageLoaderAPI.swift */,
			);
			path = API;
			sourceTree = "<group>";
		};
		0E2300B42AE3DBDA00F69E9B /* Plugins */ = {
			isa = PBXGroup;
			children = (
				0E2300B52AE3DBFD00F69E9B /* CommonHeadersPlugin.swift */,
				0E5FC6AC2AE8CD8700558193 /* CachePolicyPlugin.swift */,
			);
			path = Plugins;
			sourceTree = "<group>";
		};
		0E2300B72AE3DC9A00F69E9B /* Extentions */ = {
			isa = PBXGroup;
			children = (
				0E2300B82AE3DCA900F69E9B /* AnyPublisher+Response+Ext.swift */,
			);
			path = Extentions;
			sourceTree = "<group>";
		};
		0E2300BA2AE3DCD900F69E9B /* Models+DTOs */ = {
			isa = PBXGroup;
			children = (
				0E2300C22AE3DFBF00F69E9B /* Movie.swift */,
				0E14586D2AE7B752006ED9BD /* MovieDetails.swift */,
				0EF8D7B12AE876860019D9CF /* Genre.swift */,
				0E2300C42AE3E34900F69E9B /* PaginationResponse.swift */,
			);
			path = "Models+DTOs";
			sourceTree = "<group>";
		};
		0E2300BB2AE3DD1B00F69E9B /* Repositories */ = {
			isa = PBXGroup;
			children = (
				0E5FC6BC2AE9EC3F00558193 /* ImageCacheRepositories */,
				0E5FC6B32AE9018900558193 /* ImageLoaderRepositories */,
				0E14586F2AE7BD13006ED9BD /* MoviesRepositories */,
				0E2300BD2AE3DD4C00F69E9B /* SearchRepositories */,
				0E2300BC2AE3DD3C00F69E9B /* TrendingRepositories */,
			);
			path = Repositories;
			sourceTree = "<group>";
		};
		0E2300BC2AE3DD3C00F69E9B /* TrendingRepositories */ = {
			isa = PBXGroup;
			children = (
				0E2300BE2AE3DDCA00F69E9B /* TrendingAPIService.swift */,
				0E5FC6A72AE878FF00558193 /* TrendingAPIMockService.swift */,
			);
			path = TrendingRepositories;
			sourceTree = "<group>";
		};
		0E2300BD2AE3DD4C00F69E9B /* SearchRepositories */ = {
			isa = PBXGroup;
			children = (
				0E16359F2AE674A800EF3C44 /* SearchAPIService.swift */,
			);
			path = SearchRepositories;
			sourceTree = "<group>";
		};
		0E2300CC2AE3ED0200F69E9B /* DI */ = {
			isa = PBXGroup;
			children = (
				0E2300CD2AE3ED2300F69E9B /* App+Inject.swift */,
			);
			path = DI;
			sourceTree = "<group>";
		};
		0E2300D52AE4EBED00F69E9B /* Extensions */ = {
			isa = PBXGroup;
			children = (
				0E2300D62AE4ECAB00F69E9B /* UIEdgeInsets+Ext.swift */,
				0E2300D82AE5012900F69E9B /* UITableView+Reusable.swift */,
				0E16359B2AE66FB100EF3C44 /* DateFormatter+Ext.swift */,
				0E89C5CD2AE7806200E2BDAF /* String+Ext.swift */,
				0E5FC6B82AE920CA00558193 /* Publisher+Ext.swift */,
			);
			path = Extensions;
			sourceTree = "<group>";
		};
		0E5FC6AE2AE8F90D00558193 /* Entities */ = {
			isa = PBXGroup;
			children = (
				0E5FC6AF2AE8F94000558193 /* MovieEntity.swift */,
				0E5FC6C22AEA1EFD00558193 /* MovieDetailsEntity.swift */,
			);
			path = Entities;
			sourceTree = "<group>";
		};
		0E5FC6B32AE9018900558193 /* ImageLoaderRepositories */ = {
			isa = PBXGroup;
			children = (
				0E5FC6B42AE901A000558193 /* ImageLoaderService.swift */,
			);
			path = ImageLoaderRepositories;
			sourceTree = "<group>";
		};
		0E5FC6BC2AE9EC3F00558193 /* ImageCacheRepositories */ = {
			isa = PBXGroup;
			children = (
				0E5FC6BD2AE9EC5B00558193 /* ImageCacheService.swift */,
			);
			path = ImageCacheRepositories;
			sourceTree = "<group>";
		};
		0E5FC6DB2AEA724400558193 /* mocks */ = {
			isa = PBXGroup;
			children = (
				0E5FC6DC2AEA727100558193 /* trending_movies_1.json */,
				0E5FC6DE2AEA87B900558193 /* trending_movies_2.json */,
			);
			path = mocks;
			sourceTree = "<group>";
		};
		0E5FC6E02AEACE5900558193 /* Helpers */ = {
			isa = PBXGroup;
			children = (
				0E5FC6E12AEACE7B00558193 /* Decodable+loadFromFile.swift */,
				0E5FC6C72AEA372400558193 /* DI.swift */,
				0E5FC6E42AEACFB000558193 /* MockNetworkPublisher.swift */,
				0E5FC6CC2AEA46D000558193 /* Mock.swift */,
			);
			path = Helpers;
			sourceTree = "<group>";
		};
		F27122E90AA44A63BF8CFAF7 /* Generated Mocks */ = {
			isa = PBXGroup;
			children = (
				D483140D3189DB18EE4464EA /* What3WordsTestTests-What3WordsTestMocks.generated.swift */,
			);
			name = "Generated Mocks";
			sourceTree = "<group>";
		};
/* End PBXGroup section */

/* Begin PBXNativeTarget section */
		0E2300682AE2982100F69E9B /* What3WordsTest */ = {
			isa = PBXNativeTarget;
			buildConfigurationList = 0E2300932AE2982400F69E9B /* Build configuration list for PBXNativeTarget "What3WordsTest" */;
			buildPhases = (
				0E2300652AE2982100F69E9B /* Sources */,
				0E2300662AE2982100F69E9B /* Frameworks */,
				0E2300672AE2982100F69E9B /* Resources */,
			);
			buildRules = (
			);
			dependencies = (
			);
			name = What3WordsTest;
			packageProductDependencies = (
				0E2300A12AE3A00200F69E9B /* CombineMoya */,
				0E2300A42AE3A4EA00F69E9B /* Codextended */,
				0E2300A72AE3A94600F69E9B /* Resolver */,
				0E2300D02AE4258F00F69E9B /* CombineCocoa */,
				0E2300D32AE4E1B500F69E9B /* TinyConstraints */,
				0E1635A22AE77AA900EF3C44 /* CombineExt */,
				0E89C5D02AE7A23400E2BDAF /* OrderedCollections */,
				0E5FC6AA2AE8C3A100558193 /* Atlantis */,
				0E5FC6C02AEA076400558193 /* Kingfisher */,
			);
			productName = What3WordsTest;
			productReference = 0E2300692AE2982100F69E9B /* What3WordsTest.app */;
			productType = "com.apple.product-type.application";
		};
		0E23007E2AE2982400F69E9B /* What3WordsTestTests */ = {
			isa = PBXNativeTarget;
			buildConfigurationList = 0E2300962AE2982400F69E9B /* Build configuration list for PBXNativeTarget "What3WordsTestTests" */;
			buildPhases = (
				38342F36366D89F7D3C407DB /* Generate Mockingbird Mocks */,
				0E23007B2AE2982400F69E9B /* Sources */,
				0E23007C2AE2982400F69E9B /* Frameworks */,
				0E23007D2AE2982400F69E9B /* Resources */,
			);
			buildRules = (
			);
			dependencies = (
				0E2300812AE2982400F69E9B /* PBXTargetDependency */,
			);
			name = What3WordsTestTests;
			packageProductDependencies = (
				0E5FC6D92AEA6F1E00558193 /* Mockingbird */,
			);
			productName = What3WordsTestTests;
			productReference = 0E23007F2AE2982400F69E9B /* What3WordsTestTests.xctest */;
			productType = "com.apple.product-type.bundle.unit-test";
		};
		0E2300882AE2982400F69E9B /* What3WordsTestUITests */ = {
			isa = PBXNativeTarget;
			buildConfigurationList = 0E2300992AE2982400F69E9B /* Build configuration list for PBXNativeTarget "What3WordsTestUITests" */;
			buildPhases = (
				0E2300852AE2982400F69E9B /* Sources */,
				0E2300862AE2982400F69E9B /* Frameworks */,
				0E2300872AE2982400F69E9B /* Resources */,
			);
			buildRules = (
			);
			dependencies = (
				0E23008B2AE2982400F69E9B /* PBXTargetDependency */,
			);
			name = What3WordsTestUITests;
			productName = What3WordsTestUITests;
			productReference = 0E2300892AE2982400F69E9B /* What3WordsTestUITests.xctest */;
			productType = "com.apple.product-type.bundle.ui-testing";
		};
/* End PBXNativeTarget section */

/* Begin PBXProject section */
		0E2300612AE2982100F69E9B /* Project object */ = {
			isa = PBXProject;
			attributes = {
				BuildIndependentTargetsInParallel = 1;
				LastSwiftUpdateCheck = 1420;
				LastUpgradeCheck = 1420;
				TargetAttributes = {
					0E2300682AE2982100F69E9B = {
						CreatedOnToolsVersion = 14.2;
					};
					0E23007E2AE2982400F69E9B = {
						CreatedOnToolsVersion = 14.2;
						TestTargetID = 0E2300682AE2982100F69E9B;
					};
					0E2300882AE2982400F69E9B = {
						CreatedOnToolsVersion = 14.2;
						TestTargetID = 0E2300682AE2982100F69E9B;
					};
				};
			};
			buildConfigurationList = 0E2300642AE2982100F69E9B /* Build configuration list for PBXProject "What3WordsTest" */;
			compatibilityVersion = "Xcode 14.0";
			developmentRegion = en;
			hasScannedForEncodings = 0;
			knownRegions = (
				en,
				Base,
			);
			mainGroup = 0E2300602AE2982100F69E9B;
			packageReferences = (
				0E2300A02AE3A00200F69E9B /* XCRemoteSwiftPackageReference "Moya" */,
				0E2300A32AE3A4EA00F69E9B /* XCRemoteSwiftPackageReference "Codextended" */,
				0E2300A62AE3A94600F69E9B /* XCRemoteSwiftPackageReference "Resolver" */,
				0E2300CF2AE4258F00F69E9B /* XCRemoteSwiftPackageReference "CombineCocoa" */,
				0E2300D22AE4E1B500F69E9B /* XCRemoteSwiftPackageReference "TinyConstraints" */,
				0E1635A12AE77AA900EF3C44 /* XCRemoteSwiftPackageReference "CombineExt" */,
				0E89C5CF2AE7A23400E2BDAF /* XCRemoteSwiftPackageReference "swift-collections" */,
				0E5FC6A92AE8C3A100558193 /* XCRemoteSwiftPackageReference "atlantis" */,
				0E5FC6BF2AEA076400558193 /* XCRemoteSwiftPackageReference "Kingfisher" */,
				0E5FC6D82AEA6F1E00558193 /* XCRemoteSwiftPackageReference "mockingbird" */,
			);
			productRefGroup = 0E23006A2AE2982100F69E9B /* Products */;
			projectDirPath = "";
			projectRoot = "";
			targets = (
				0E2300682AE2982100F69E9B /* What3WordsTest */,
				0E23007E2AE2982400F69E9B /* What3WordsTestTests */,
				0E2300882AE2982400F69E9B /* What3WordsTestUITests */,
			);
		};
/* End PBXProject section */

/* Begin PBXResourcesBuildPhase section */
		0E2300672AE2982100F69E9B /* Resources */ = {
			isa = PBXResourcesBuildPhase;
			buildActionMask = 2147483647;
			files = (
				0E2300792AE2982400F69E9B /* LaunchScreen.storyboard in Resources */,
				0E2300762AE2982300F69E9B /* Assets.xcassets in Resources */,
			);
			runOnlyForDeploymentPostprocessing = 0;
		};
		0E23007D2AE2982400F69E9B /* Resources */ = {
			isa = PBXResourcesBuildPhase;
			buildActionMask = 2147483647;
			files = (
				0E5FC6DF2AEA87B900558193 /* trending_movies_2.json in Resources */,
				0E5FC6DD2AEA832C00558193 /* trending_movies_1.json in Resources */,
			);
			runOnlyForDeploymentPostprocessing = 0;
		};
		0E2300872AE2982400F69E9B /* Resources */ = {
			isa = PBXResourcesBuildPhase;
			buildActionMask = 2147483647;
			files = (
			);
			runOnlyForDeploymentPostprocessing = 0;
		};
/* End PBXResourcesBuildPhase section */

/* Begin PBXShellScriptBuildPhase section */
		38342F36366D89F7D3C407DB /* Generate Mockingbird Mocks */ = {
			isa = PBXShellScriptBuildPhase;
			alwaysOutOfDate = 1;
			buildActionMask = 2147483647;
			files = (
			);
			inputPaths = (
			);
			name = "Generate Mockingbird Mocks";
			outputPaths = (
				"$(SRCROOT)/MockingbirdMocks/What3WordsTestTests-What3WordsTestMocks.generated.swift",
			);
			runOnlyForDeploymentPostprocessing = 0;
			shellPath = /bin/sh;
			shellScript = "set -eu\n\n# Prevent Xcode 13 from running this script while indexing.\n[[ \"${ACTION}\" == \"indexbuild\" ]] && exit 0\n\n# Infer the derived data location from the build environment.\n[[ -z \"${DERIVED_DATA+x}\" ]] && DERIVED_DATA=\"$(echo \"${BUILD_ROOT}\" | sed -n 's|\\(.*\\)/Build/.*|\\1|p')\"\n\n\"${DERIVED_DATA}/SourcePackages/checkouts/mockingbird/mockingbird\" generate --targets \"What3WordsTest\" --outputs \"${SRCROOT}/MockingbirdMocks/What3WordsTestTests-What3WordsTestMocks.generated.swift\"";
		};
/* End PBXShellScriptBuildPhase section */

/* Begin PBXSourcesBuildPhase section */
		0E2300652AE2982100F69E9B /* Sources */ = {
			isa = PBXSourcesBuildPhase;
			buildActionMask = 2147483647;
			files = (
				0E1458712AE7BD38006ED9BD /* MoviesAPIService.swift in Sources */,
				0E2300B62AE3DBFD00F69E9B /* CommonHeadersPlugin.swift in Sources */,
				0E5FC6BB2AE9EBDB00558193 /* ImageCacheServiceType.swift in Sources */,
				0E2300BF2AE3DDCA00F69E9B /* TrendingAPIService.swift in Sources */,
				0E5FC6AD2AE8CD8700558193 /* CachePolicyPlugin.swift in Sources */,
				0E5FC6B02AE8F94000558193 /* MovieEntity.swift in Sources */,
				0E2300D92AE5012900F69E9B /* UITableView+Reusable.swift in Sources */,
				0E2300C32AE3DFBF00F69E9B /* Movie.swift in Sources */,
				0E2300C92AE3E6DD00F69E9B /* MoyaClient.swift in Sources */,
				0E2300D72AE4ECAB00F69E9B /* UIEdgeInsets+Ext.swift in Sources */,
				0E5FC6A82AE878FF00558193 /* TrendingAPIMockService.swift in Sources */,
				0E1635A02AE674A800EF3C44 /* SearchAPIService.swift in Sources */,
				0E89C5CE2AE7806200E2BDAF /* String+Ext.swift in Sources */,
				0E1458792AE7C6F7006ED9BD /* MovieDetailsCell.swift in Sources */,
				0E5FC6C32AEA1EFD00558193 /* MovieDetailsEntity.swift in Sources */,
				0E2300C72AE3E4DF00F69E9B /* NetworkError.swift in Sources */,
				0E2300AF2AE3D6A800F69E9B /* BaseTargetType.swift in Sources */,
				0E14586C2AE7B712006ED9BD /* MoviesAPIServiceType.swift in Sources */,
				0E5FC6B92AE920CA00558193 /* Publisher+Ext.swift in Sources */,
				0E2300B32AE3DA9D00F69E9B /* SearchAPI.swift in Sources */,
				0E5FC6B22AE8FE4300558193 /* ImageLoaderAPI.swift in Sources */,
				0E5FC6B52AE901A000558193 /* ImageLoaderService.swift in Sources */,
				0E2300B92AE3DCA900F69E9B /* AnyPublisher+Response+Ext.swift in Sources */,
				0E2300C12AE3DDEC00F69E9B /* TrendingAPIServiceType.swift in Sources */,
				0E1458762AE7C021006ED9BD /* MovieDetailsViewModel.swift in Sources */,
				0EF8D7B22AE876870019D9CF /* Genre.swift in Sources */,
				0E2300CE2AE3ED2300F69E9B /* App+Inject.swift in Sources */,
				0E2300C52AE3E34900F69E9B /* PaginationResponse.swift in Sources */,
				0E2300B12AE3D75900F69E9B /* TrendingAPI.swift in Sources */,
				0E14586E2AE7B752006ED9BD /* MovieDetails.swift in Sources */,
				0E16359E2AE6739D00EF3C44 /* SearchAPIServiceType.swift in Sources */,
				0E5FC6B72AE9033300558193 /* ImageLoaderServiceType.swift in Sources */,
				0E2300CB2AE3ECF000F69E9B /* MovieListViewModel.swift in Sources */,
				0E23006D2AE2982100F69E9B /* AppDelegate.swift in Sources */,
				0E16359C2AE66FB100EF3C44 /* DateFormatter+Ext.swift in Sources */,
				0E5FC6BE2AE9EC5B00558193 /* ImageCacheService.swift in Sources */,
				0E23006F2AE2982100F69E9B /* SceneDelegate.swift in Sources */,
				0E1458742AE7BFDB006ED9BD /* MovieDetailsViewController.swift in Sources */,
				0E2300DB2AE5050400F69E9B /* MovieCell.swift in Sources */,
				0E2300AB2AE3A97700F69E9B /* MovieListViewController.swift in Sources */,
				0E14586A2AE7B53F006ED9BD /* MoviesAPI.swift in Sources */,
			);
			runOnlyForDeploymentPostprocessing = 0;
		};
		0E23007B2AE2982400F69E9B /* Sources */ = {
			isa = PBXSourcesBuildPhase;
			buildActionMask = 2147483647;
			files = (
				0E5FC6C62AEA32CE00558193 /* MovieListViewModelTests.swift in Sources */,
				0E5FC6E52AEACFB000558193 /* MockNetworkPublisher.swift in Sources */,
				0E5FC6C82AEA372400558193 /* DI.swift in Sources */,
				0E5FC6E22AEACE7B00558193 /* Decodable+loadFromFile.swift in Sources */,
				0E5FC6CD2AEA46D000558193 /* Mock.swift in Sources */,
				249C9BF14E111574BEC87F85 /* What3WordsTestTests-What3WordsTestMocks.generated.swift in Sources */,
			);
			runOnlyForDeploymentPostprocessing = 0;
		};
		0E2300852AE2982400F69E9B /* Sources */ = {
			isa = PBXSourcesBuildPhase;
			buildActionMask = 2147483647;
			files = (
				0E2300902AE2982400F69E9B /* What3WordsTestUITestsLaunchTests.swift in Sources */,
				0E23008E2AE2982400F69E9B /* What3WordsTestUITests.swift in Sources */,
			);
			runOnlyForDeploymentPostprocessing = 0;
		};
/* End PBXSourcesBuildPhase section */

/* Begin PBXTargetDependency section */
		0E2300812AE2982400F69E9B /* PBXTargetDependency */ = {
			isa = PBXTargetDependency;
			target = 0E2300682AE2982100F69E9B /* What3WordsTest */;
			targetProxy = 0E2300802AE2982400F69E9B /* PBXContainerItemProxy */;
		};
		0E23008B2AE2982400F69E9B /* PBXTargetDependency */ = {
			isa = PBXTargetDependency;
			target = 0E2300682AE2982100F69E9B /* What3WordsTest */;
			targetProxy = 0E23008A2AE2982400F69E9B /* PBXContainerItemProxy */;
		};
/* End PBXTargetDependency section */

/* Begin PBXVariantGroup section */
		0E2300772AE2982400F69E9B /* LaunchScreen.storyboard */ = {
			isa = PBXVariantGroup;
			children = (
				0E2300782AE2982400F69E9B /* Base */,
			);
			name = LaunchScreen.storyboard;
			sourceTree = "<group>";
		};
/* End PBXVariantGroup section */

/* Begin XCBuildConfiguration section */
		0E2300912AE2982400F69E9B /* Debug */ = {
			isa = XCBuildConfiguration;
			buildSettings = {
				ALWAYS_SEARCH_USER_PATHS = NO;
				CLANG_ANALYZER_NONNULL = YES;
				CLANG_ANALYZER_NUMBER_OBJECT_CONVERSION = YES_AGGRESSIVE;
				CLANG_CXX_LANGUAGE_STANDARD = "gnu++20";
				CLANG_ENABLE_MODULES = YES;
				CLANG_ENABLE_OBJC_ARC = YES;
				CLANG_ENABLE_OBJC_WEAK = YES;
				CLANG_WARN_BLOCK_CAPTURE_AUTORELEASING = YES;
				CLANG_WARN_BOOL_CONVERSION = YES;
				CLANG_WARN_COMMA = YES;
				CLANG_WARN_CONSTANT_CONVERSION = YES;
				CLANG_WARN_DEPRECATED_OBJC_IMPLEMENTATIONS = YES;
				CLANG_WARN_DIRECT_OBJC_ISA_USAGE = YES_ERROR;
				CLANG_WARN_DOCUMENTATION_COMMENTS = YES;
				CLANG_WARN_EMPTY_BODY = YES;
				CLANG_WARN_ENUM_CONVERSION = YES;
				CLANG_WARN_INFINITE_RECURSION = YES;
				CLANG_WARN_INT_CONVERSION = YES;
				CLANG_WARN_NON_LITERAL_NULL_CONVERSION = YES;
				CLANG_WARN_OBJC_IMPLICIT_RETAIN_SELF = YES;
				CLANG_WARN_OBJC_LITERAL_CONVERSION = YES;
				CLANG_WARN_OBJC_ROOT_CLASS = YES_ERROR;
				CLANG_WARN_QUOTED_INCLUDE_IN_FRAMEWORK_HEADER = YES;
				CLANG_WARN_RANGE_LOOP_ANALYSIS = YES;
				CLANG_WARN_STRICT_PROTOTYPES = YES;
				CLANG_WARN_SUSPICIOUS_MOVE = YES;
				CLANG_WARN_UNGUARDED_AVAILABILITY = YES_AGGRESSIVE;
				CLANG_WARN_UNREACHABLE_CODE = YES;
				CLANG_WARN__DUPLICATE_METHOD_MATCH = YES;
				COPY_PHASE_STRIP = NO;
				DEBUG_INFORMATION_FORMAT = dwarf;
				ENABLE_STRICT_OBJC_MSGSEND = YES;
				ENABLE_TESTABILITY = YES;
				GCC_C_LANGUAGE_STANDARD = gnu11;
				GCC_DYNAMIC_NO_PIC = NO;
				GCC_NO_COMMON_BLOCKS = YES;
				GCC_OPTIMIZATION_LEVEL = 0;
				GCC_PREPROCESSOR_DEFINITIONS = (
					"DEBUG=1",
					"$(inherited)",
				);
				GCC_WARN_64_TO_32_BIT_CONVERSION = YES;
				GCC_WARN_ABOUT_RETURN_TYPE = YES_ERROR;
				GCC_WARN_UNDECLARED_SELECTOR = YES;
				GCC_WARN_UNINITIALIZED_AUTOS = YES_AGGRESSIVE;
				GCC_WARN_UNUSED_FUNCTION = YES;
				GCC_WARN_UNUSED_VARIABLE = YES;
				IPHONEOS_DEPLOYMENT_TARGET = 16.2;
				MTL_ENABLE_DEBUG_INFO = INCLUDE_SOURCE;
				MTL_FAST_MATH = YES;
				ONLY_ACTIVE_ARCH = YES;
				SDKROOT = iphoneos;
				SWIFT_ACTIVE_COMPILATION_CONDITIONS = DEBUG;
				SWIFT_OPTIMIZATION_LEVEL = "-Onone";
			};
			name = Debug;
		};
		0E2300922AE2982400F69E9B /* Release */ = {
			isa = XCBuildConfiguration;
			buildSettings = {
				ALWAYS_SEARCH_USER_PATHS = NO;
				CLANG_ANALYZER_NONNULL = YES;
				CLANG_ANALYZER_NUMBER_OBJECT_CONVERSION = YES_AGGRESSIVE;
				CLANG_CXX_LANGUAGE_STANDARD = "gnu++20";
				CLANG_ENABLE_MODULES = YES;
				CLANG_ENABLE_OBJC_ARC = YES;
				CLANG_ENABLE_OBJC_WEAK = YES;
				CLANG_WARN_BLOCK_CAPTURE_AUTORELEASING = YES;
				CLANG_WARN_BOOL_CONVERSION = YES;
				CLANG_WARN_COMMA = YES;
				CLANG_WARN_CONSTANT_CONVERSION = YES;
				CLANG_WARN_DEPRECATED_OBJC_IMPLEMENTATIONS = YES;
				CLANG_WARN_DIRECT_OBJC_ISA_USAGE = YES_ERROR;
				CLANG_WARN_DOCUMENTATION_COMMENTS = YES;
				CLANG_WARN_EMPTY_BODY = YES;
				CLANG_WARN_ENUM_CONVERSION = YES;
				CLANG_WARN_INFINITE_RECURSION = YES;
				CLANG_WARN_INT_CONVERSION = YES;
				CLANG_WARN_NON_LITERAL_NULL_CONVERSION = YES;
				CLANG_WARN_OBJC_IMPLICIT_RETAIN_SELF = YES;
				CLANG_WARN_OBJC_LITERAL_CONVERSION = YES;
				CLANG_WARN_OBJC_ROOT_CLASS = YES_ERROR;
				CLANG_WARN_QUOTED_INCLUDE_IN_FRAMEWORK_HEADER = YES;
				CLANG_WARN_RANGE_LOOP_ANALYSIS = YES;
				CLANG_WARN_STRICT_PROTOTYPES = YES;
				CLANG_WARN_SUSPICIOUS_MOVE = YES;
				CLANG_WARN_UNGUARDED_AVAILABILITY = YES_AGGRESSIVE;
				CLANG_WARN_UNREACHABLE_CODE = YES;
				CLANG_WARN__DUPLICATE_METHOD_MATCH = YES;
				COPY_PHASE_STRIP = NO;
				DEBUG_INFORMATION_FORMAT = "dwarf-with-dsym";
				ENABLE_NS_ASSERTIONS = NO;
				ENABLE_STRICT_OBJC_MSGSEND = YES;
				GCC_C_LANGUAGE_STANDARD = gnu11;
				GCC_NO_COMMON_BLOCKS = YES;
				GCC_WARN_64_TO_32_BIT_CONVERSION = YES;
				GCC_WARN_ABOUT_RETURN_TYPE = YES_ERROR;
				GCC_WARN_UNDECLARED_SELECTOR = YES;
				GCC_WARN_UNINITIALIZED_AUTOS = YES_AGGRESSIVE;
				GCC_WARN_UNUSED_FUNCTION = YES;
				GCC_WARN_UNUSED_VARIABLE = YES;
				IPHONEOS_DEPLOYMENT_TARGET = 16.2;
				MTL_ENABLE_DEBUG_INFO = NO;
				MTL_FAST_MATH = YES;
				SDKROOT = iphoneos;
				SWIFT_COMPILATION_MODE = wholemodule;
				SWIFT_OPTIMIZATION_LEVEL = "-O";
				VALIDATE_PRODUCT = YES;
			};
			name = Release;
		};
		0E2300942AE2982400F69E9B /* Debug */ = {
			isa = XCBuildConfiguration;
			buildSettings = {
				ASSETCATALOG_COMPILER_APPICON_NAME = AppIcon;
				ASSETCATALOG_COMPILER_GLOBAL_ACCENT_COLOR_NAME = AccentColor;
				CODE_SIGN_STYLE = Automatic;
				CURRENT_PROJECT_VERSION = 1;
				GENERATE_INFOPLIST_FILE = YES;
				INFOPLIST_FILE = What3WordsTest/Info.plist;
				INFOPLIST_KEY_UIApplicationSupportsIndirectInputEvents = YES;
				INFOPLIST_KEY_UILaunchStoryboardName = LaunchScreen;
				INFOPLIST_KEY_UISupportedInterfaceOrientations = UIInterfaceOrientationPortrait;
				INFOPLIST_KEY_UISupportedInterfaceOrientations_iPad = "UIInterfaceOrientationLandscapeLeft UIInterfaceOrientationLandscapeRight UIInterfaceOrientationPortrait UIInterfaceOrientationPortraitUpsideDown";
				LD_RUNPATH_SEARCH_PATHS = (
					"$(inherited)",
					"@executable_path/Frameworks",
				);
				MARKETING_VERSION = 1.0;
				PRODUCT_BUNDLE_IDENTIFIER = com.what3words.test.What3WordsTest;
				PRODUCT_NAME = "$(TARGET_NAME)";
				SUPPORTED_PLATFORMS = "iphoneos iphonesimulator";
				SUPPORTS_MACCATALYST = NO;
				SUPPORTS_MAC_DESIGNED_FOR_IPHONE_IPAD = NO;
				SWIFT_EMIT_LOC_STRINGS = YES;
				SWIFT_VERSION = 5.0;
				TARGETED_DEVICE_FAMILY = 1;
			};
			name = Debug;
		};
		0E2300952AE2982400F69E9B /* Release */ = {
			isa = XCBuildConfiguration;
			buildSettings = {
				ASSETCATALOG_COMPILER_APPICON_NAME = AppIcon;
				ASSETCATALOG_COMPILER_GLOBAL_ACCENT_COLOR_NAME = AccentColor;
				CODE_SIGN_STYLE = Automatic;
				CURRENT_PROJECT_VERSION = 1;
				GENERATE_INFOPLIST_FILE = YES;
				INFOPLIST_FILE = What3WordsTest/Info.plist;
				INFOPLIST_KEY_UIApplicationSupportsIndirectInputEvents = YES;
				INFOPLIST_KEY_UILaunchStoryboardName = LaunchScreen;
				INFOPLIST_KEY_UISupportedInterfaceOrientations = UIInterfaceOrientationPortrait;
				INFOPLIST_KEY_UISupportedInterfaceOrientations_iPad = "UIInterfaceOrientationLandscapeLeft UIInterfaceOrientationLandscapeRight UIInterfaceOrientationPortrait UIInterfaceOrientationPortraitUpsideDown";
				LD_RUNPATH_SEARCH_PATHS = (
					"$(inherited)",
					"@executable_path/Frameworks",
				);
				MARKETING_VERSION = 1.0;
				PRODUCT_BUNDLE_IDENTIFIER = com.what3words.test.What3WordsTest;
				PRODUCT_NAME = "$(TARGET_NAME)";
				SUPPORTED_PLATFORMS = "iphoneos iphonesimulator";
				SUPPORTS_MACCATALYST = NO;
				SUPPORTS_MAC_DESIGNED_FOR_IPHONE_IPAD = NO;
				SWIFT_EMIT_LOC_STRINGS = YES;
				SWIFT_VERSION = 5.0;
				TARGETED_DEVICE_FAMILY = 1;
			};
			name = Release;
		};
		0E2300972AE2982400F69E9B /* Debug */ = {
			isa = XCBuildConfiguration;
			buildSettings = {
				ALWAYS_EMBED_SWIFT_STANDARD_LIBRARIES = YES;
				BUNDLE_LOADER = "$(TEST_HOST)";
				CODE_SIGN_STYLE = Automatic;
				CURRENT_PROJECT_VERSION = 1;
				GENERATE_INFOPLIST_FILE = YES;
				IPHONEOS_DEPLOYMENT_TARGET = 16.2;
				MARKETING_VERSION = 1.0;
				PRODUCT_BUNDLE_IDENTIFIER = com.what3words.test.What3WordsTestTests;
				PRODUCT_NAME = "$(TARGET_NAME)";
				SWIFT_EMIT_LOC_STRINGS = NO;
				SWIFT_VERSION = 5.0;
				TARGETED_DEVICE_FAMILY = "1,2";
				TEST_HOST = "$(BUILT_PRODUCTS_DIR)/What3WordsTest.app/What3WordsTest";
			};
			name = Debug;
		};
		0E2300982AE2982400F69E9B /* Release */ = {
			isa = XCBuildConfiguration;
			buildSettings = {
				ALWAYS_EMBED_SWIFT_STANDARD_LIBRARIES = YES;
				BUNDLE_LOADER = "$(TEST_HOST)";
				CODE_SIGN_STYLE = Automatic;
				CURRENT_PROJECT_VERSION = 1;
				GENERATE_INFOPLIST_FILE = YES;
				IPHONEOS_DEPLOYMENT_TARGET = 16.2;
				MARKETING_VERSION = 1.0;
				PRODUCT_BUNDLE_IDENTIFIER = com.what3words.test.What3WordsTestTests;
				PRODUCT_NAME = "$(TARGET_NAME)";
				SWIFT_EMIT_LOC_STRINGS = NO;
				SWIFT_VERSION = 5.0;
				TARGETED_DEVICE_FAMILY = "1,2";
				TEST_HOST = "$(BUILT_PRODUCTS_DIR)/What3WordsTest.app/What3WordsTest";
			};
			name = Release;
		};
		0E23009A2AE2982400F69E9B /* Debug */ = {
			isa = XCBuildConfiguration;
			buildSettings = {
				ALWAYS_EMBED_SWIFT_STANDARD_LIBRARIES = YES;
				CODE_SIGN_STYLE = Automatic;
				CURRENT_PROJECT_VERSION = 1;
				GENERATE_INFOPLIST_FILE = YES;
				MARKETING_VERSION = 1.0;
				PRODUCT_BUNDLE_IDENTIFIER = com.what3words.test.What3WordsTestUITests;
				PRODUCT_NAME = "$(TARGET_NAME)";
				SWIFT_EMIT_LOC_STRINGS = NO;
				SWIFT_VERSION = 5.0;
				TARGETED_DEVICE_FAMILY = "1,2";
				TEST_TARGET_NAME = What3WordsTest;
			};
			name = Debug;
		};
		0E23009B2AE2982400F69E9B /* Release */ = {
			isa = XCBuildConfiguration;
			buildSettings = {
				ALWAYS_EMBED_SWIFT_STANDARD_LIBRARIES = YES;
				CODE_SIGN_STYLE = Automatic;
				CURRENT_PROJECT_VERSION = 1;
				GENERATE_INFOPLIST_FILE = YES;
				MARKETING_VERSION = 1.0;
				PRODUCT_BUNDLE_IDENTIFIER = com.what3words.test.What3WordsTestUITests;
				PRODUCT_NAME = "$(TARGET_NAME)";
				SWIFT_EMIT_LOC_STRINGS = NO;
				SWIFT_VERSION = 5.0;
				TARGETED_DEVICE_FAMILY = "1,2";
				TEST_TARGET_NAME = What3WordsTest;
			};
			name = Release;
		};
/* End XCBuildConfiguration section */

/* Begin XCConfigurationList section */
		0E2300642AE2982100F69E9B /* Build configuration list for PBXProject "What3WordsTest" */ = {
			isa = XCConfigurationList;
			buildConfigurations = (
				0E2300912AE2982400F69E9B /* Debug */,
				0E2300922AE2982400F69E9B /* Release */,
			);
			defaultConfigurationIsVisible = 0;
			defaultConfigurationName = Release;
		};
		0E2300932AE2982400F69E9B /* Build configuration list for PBXNativeTarget "What3WordsTest" */ = {
			isa = XCConfigurationList;
			buildConfigurations = (
				0E2300942AE2982400F69E9B /* Debug */,
				0E2300952AE2982400F69E9B /* Release */,
			);
			defaultConfigurationIsVisible = 0;
			defaultConfigurationName = Release;
		};
		0E2300962AE2982400F69E9B /* Build configuration list for PBXNativeTarget "What3WordsTestTests" */ = {
			isa = XCConfigurationList;
			buildConfigurations = (
				0E2300972AE2982400F69E9B /* Debug */,
				0E2300982AE2982400F69E9B /* Release */,
			);
			defaultConfigurationIsVisible = 0;
			defaultConfigurationName = Release;
		};
		0E2300992AE2982400F69E9B /* Build configuration list for PBXNativeTarget "What3WordsTestUITests" */ = {
			isa = XCConfigurationList;
			buildConfigurations = (
				0E23009A2AE2982400F69E9B /* Debug */,
				0E23009B2AE2982400F69E9B /* Release */,
			);
			defaultConfigurationIsVisible = 0;
			defaultConfigurationName = Release;
		};
/* End XCConfigurationList section */

/* Begin XCRemoteSwiftPackageReference section */
		0E1635A12AE77AA900EF3C44 /* XCRemoteSwiftPackageReference "CombineExt" */ = {
			isa = XCRemoteSwiftPackageReference;
			repositoryURL = "https://github.com/CombineCommunity/CombineExt#assign";
			requirement = {
				branch = main;
				kind = branch;
			};
		};
		0E2300A02AE3A00200F69E9B /* XCRemoteSwiftPackageReference "Moya" */ = {
			isa = XCRemoteSwiftPackageReference;
			repositoryURL = "https://github.com/Moya/Moya.git";
			requirement = {
				branch = master;
				kind = branch;
			};
		};
		0E2300A32AE3A4EA00F69E9B /* XCRemoteSwiftPackageReference "Codextended" */ = {
			isa = XCRemoteSwiftPackageReference;
			repositoryURL = "https://github.com/JohnSundell/Codextended";
			requirement = {
				branch = master;
				kind = branch;
			};
		};
		0E2300A62AE3A94600F69E9B /* XCRemoteSwiftPackageReference "Resolver" */ = {
			isa = XCRemoteSwiftPackageReference;
			repositoryURL = "https://github.com/hmlongco/Resolver.git";
			requirement = {
				branch = master;
				kind = branch;
			};
		};
		0E2300CF2AE4258F00F69E9B /* XCRemoteSwiftPackageReference "CombineCocoa" */ = {
			isa = XCRemoteSwiftPackageReference;
			repositoryURL = "https://github.com/CombineCommunity/CombineCocoa.git";
			requirement = {
				branch = main;
				kind = branch;
			};
		};
		0E2300D22AE4E1B500F69E9B /* XCRemoteSwiftPackageReference "TinyConstraints" */ = {
			isa = XCRemoteSwiftPackageReference;
			repositoryURL = "https://github.com/roberthein/TinyConstraints.git";
			requirement = {
				branch = master;
				kind = branch;
			};
		};
		0E5FC6A92AE8C3A100558193 /* XCRemoteSwiftPackageReference "atlantis" */ = {
			isa = XCRemoteSwiftPackageReference;
			repositoryURL = "https://github.com/ProxymanApp/atlantis";
			requirement = {
				branch = main;
				kind = branch;
			};
		};
		0E5FC6BF2AEA076400558193 /* XCRemoteSwiftPackageReference "Kingfisher" */ = {
			isa = XCRemoteSwiftPackageReference;
			repositoryURL = "https://github.com/onevcat/Kingfisher.git";
			requirement = {
				kind = upToNextMajorVersion;
				minimumVersion = 7.0.0;
			};
		};
		0E5FC6D82AEA6F1E00558193 /* XCRemoteSwiftPackageReference "mockingbird" */ = {
			isa = XCRemoteSwiftPackageReference;
			repositoryURL = "https://github.com/birdrides/mockingbird";
			requirement = {
				branch = master;
				kind = branch;
			};
		};
		0E89C5CF2AE7A23400E2BDAF /* XCRemoteSwiftPackageReference "swift-collections" */ = {
			isa = XCRemoteSwiftPackageReference;
			repositoryURL = "https://github.com/apple/swift-collections.git";
			requirement = {
				branch = main;
				kind = branch;
			};
		};
/* End XCRemoteSwiftPackageReference section */

/* Begin XCSwiftPackageProductDependency section */
		0E1635A22AE77AA900EF3C44 /* CombineExt */ = {
			isa = XCSwiftPackageProductDependency;
			package = 0E1635A12AE77AA900EF3C44 /* XCRemoteSwiftPackageReference "CombineExt" */;
			productName = CombineExt;
		};
		0E2300A12AE3A00200F69E9B /* CombineMoya */ = {
			isa = XCSwiftPackageProductDependency;
			package = 0E2300A02AE3A00200F69E9B /* XCRemoteSwiftPackageReference "Moya" */;
			productName = CombineMoya;
		};
		0E2300A42AE3A4EA00F69E9B /* Codextended */ = {
			isa = XCSwiftPackageProductDependency;
			package = 0E2300A32AE3A4EA00F69E9B /* XCRemoteSwiftPackageReference "Codextended" */;
			productName = Codextended;
		};
		0E2300A72AE3A94600F69E9B /* Resolver */ = {
			isa = XCSwiftPackageProductDependency;
			package = 0E2300A62AE3A94600F69E9B /* XCRemoteSwiftPackageReference "Resolver" */;
			productName = Resolver;
		};
		0E2300D02AE4258F00F69E9B /* CombineCocoa */ = {
			isa = XCSwiftPackageProductDependency;
			package = 0E2300CF2AE4258F00F69E9B /* XCRemoteSwiftPackageReference "CombineCocoa" */;
			productName = CombineCocoa;
		};
		0E2300D32AE4E1B500F69E9B /* TinyConstraints */ = {
			isa = XCSwiftPackageProductDependency;
			package = 0E2300D22AE4E1B500F69E9B /* XCRemoteSwiftPackageReference "TinyConstraints" */;
			productName = TinyConstraints;
		};
		0E5FC6AA2AE8C3A100558193 /* Atlantis */ = {
			isa = XCSwiftPackageProductDependency;
			package = 0E5FC6A92AE8C3A100558193 /* XCRemoteSwiftPackageReference "atlantis" */;
			productName = Atlantis;
		};
		0E5FC6C02AEA076400558193 /* Kingfisher */ = {
			isa = XCSwiftPackageProductDependency;
			package = 0E5FC6BF2AEA076400558193 /* XCRemoteSwiftPackageReference "Kingfisher" */;
			productName = Kingfisher;
		};
		0E5FC6D92AEA6F1E00558193 /* Mockingbird */ = {
			isa = XCSwiftPackageProductDependency;
			package = 0E5FC6D82AEA6F1E00558193 /* XCRemoteSwiftPackageReference "mockingbird" */;
			productName = Mockingbird;
		};
		0E89C5D02AE7A23400E2BDAF /* OrderedCollections */ = {
			isa = XCSwiftPackageProductDependency;
			package = 0E89C5CF2AE7A23400E2BDAF /* XCRemoteSwiftPackageReference "swift-collections" */;
			productName = OrderedCollections;
		};
/* End XCSwiftPackageProductDependency section */
	};
	rootObject = 0E2300612AE2982100F69E9B /* Project object */;
}
